{
  "version": "5",
  "specifiers": {
    "jsr:@hono/hono@4.8.12": "4.8.12",
    "npm:postgres@3.4.7": "3.4.7"
  },
  "jsr": {
    "@hono/hono@4.8.12": {
      "integrity": "078037693c3ae9dece93ddd771d52ab61197231cc7633f741ac031eb3b28eb64"
    }
  },
  "npm": {
    "postgres@3.4.7": {
      "integrity": "sha512-Jtc2612XINuBjIl/QTWsV5UvE8UHuNblcO3vVADSrKsrc6RqGX6lOW1cEo3CM2v0XG4Nat8nI+YM7/f26VxXLw=="
    }
  },
  "workspace": {
    "dependencies": [
      "jsr:@hono/hono@4.8.12",
      "npm:postgres@3.4.7"
    ]
  }
}
